// !$*UTF8*$!
{
	archiveVersion = 1;
	classes = {
	};
	objectVersion = 46;
	objects = {

/* Begin PBXBuildFile section */
		4D3B367C1E153C5A0035A8F4 /* test.json in Resources */ = {isa = PBXBuildFile; fileRef = 4D3B367B1E153C5A0035A8F4 /* test.json */; };
		4D3B368C1E153C6D0035A8F4 /* BeenHere.swift in Sources */ = {isa = PBXBuildFile; fileRef = 4D3B367D1E153C6D0035A8F4 /* BeenHere.swift */; };
		4D3B368D1E153C6D0035A8F4 /* Category.swift in Sources */ = {isa = PBXBuildFile; fileRef = 4D3B367E1E153C6D0035A8F4 /* Category.swift */; };
		4D3B368E1E153C6D0035A8F4 /* Contact.swift in Sources */ = {isa = PBXBuildFile; fileRef = 4D3B367F1E153C6D0035A8F4 /* Contact.swift */; };
		4D3B368F1E153C6D0035A8F4 /* HereNow.swift in Sources */ = {isa = PBXBuildFile; fileRef = 4D3B36801E153C6D0035A8F4 /* HereNow.swift */; };
		4D3B36901E153C6D0035A8F4 /* Icon.swift in Sources */ = {isa = PBXBuildFile; fileRef = 4D3B36811E153C6D0035A8F4 /* Icon.swift */; };
		4D3B36911E153C6D0035A8F4 /* LabeledLatLng.swift in Sources */ = {isa = PBXBuildFile; fileRef = 4D3B36821E153C6D0035A8F4 /* LabeledLatLng.swift */; };
		4D3B36921E153C6D0035A8F4 /* Location.swift in Sources */ = {isa = PBXBuildFile; fileRef = 4D3B36831E153C6D0035A8F4 /* Location.swift */; };
		4D3B36931E153C6D0035A8F4 /* Menu.swift in Sources */ = {isa = PBXBuildFile; fileRef = 4D3B36841E153C6D0035A8F4 /* Menu.swift */; };
		4D3B36941E153C6D0035A8F4 /* Meta.swift in Sources */ = {isa = PBXBuildFile; fileRef = 4D3B36851E153C6D0035A8F4 /* Meta.swift */; };
		4D3B36951E153C6D0035A8F4 /* Response.swift in Sources */ = {isa = PBXBuildFile; fileRef = 4D3B36861E153C6D0035A8F4 /* Response.swift */; };
		4D3B36961E153C6D0035A8F4 /* Cafe.swift in Sources */ = {isa = PBXBuildFile; fileRef = 4D3B36871E153C6D0035A8F4 /* Cafe.swift */; };
		4D3B36971E153C6D0035A8F4 /* Special.swift in Sources */ = {isa = PBXBuildFile; fileRef = 4D3B36881E153C6D0035A8F4 /* Special.swift */; };
		4D3B36981E153C6D0035A8F4 /* Stat.swift in Sources */ = {isa = PBXBuildFile; fileRef = 4D3B36891E153C6D0035A8F4 /* Stat.swift */; };
		4D3B36991E153C6D0035A8F4 /* Venue.swift in Sources */ = {isa = PBXBuildFile; fileRef = 4D3B368A1E153C6D0035A8F4 /* Venue.swift */; };
		4D3B369A1E153C6D0035A8F4 /* VenueChain.swift in Sources */ = {isa = PBXBuildFile; fileRef = 4D3B368B1E153C6D0035A8F4 /* VenueChain.swift */; };
		4DA50A921E140AC9009F4284 /* AppDelegate.swift in Sources */ = {isa = PBXBuildFile; fileRef = 4DA50A911E140AC9009F4284 /* AppDelegate.swift */; };
		4DA50A941E140AC9009F4284 /* MasterViewController.swift in Sources */ = {isa = PBXBuildFile; fileRef = 4DA50A931E140AC9009F4284 /* MasterViewController.swift */; };
		4DA50A961E140AC9009F4284 /* DetailViewController.swift in Sources */ = {isa = PBXBuildFile; fileRef = 4DA50A951E140AC9009F4284 /* DetailViewController.swift */; };
		4DA50A991E140AC9009F4284 /* Main.storyboard in Resources */ = {isa = PBXBuildFile; fileRef = 4DA50A971E140AC9009F4284 /* Main.storyboard */; };
		4DA50A9B1E140AC9009F4284 /* Assets.xcassets in Resources */ = {isa = PBXBuildFile; fileRef = 4DA50A9A1E140AC9009F4284 /* Assets.xcassets */; };
		4DA50A9E1E140AC9009F4284 /* LaunchScreen.storyboard in Resources */ = {isa = PBXBuildFile; fileRef = 4DA50A9C1E140AC9009F4284 /* LaunchScreen.storyboard */; };
		4DA50AA91E140AC9009F4284 /* CoffeeKitTests.swift in Sources */ = {isa = PBXBuildFile; fileRef = 4DA50AA81E140AC9009F4284 /* CoffeeKitTests.swift */; };
		4DA50AB41E140AC9009F4284 /* CoffeeKitUITests.swift in Sources */ = {isa = PBXBuildFile; fileRef = 4DA50AB31E140AC9009F4284 /* CoffeeKitUITests.swift */; };
		4DA50AC41E1412B7009F4284 /* WSManager.swift in Sources */ = {isa = PBXBuildFile; fileRef = 4DA50AC31E1412B7009F4284 /* WSManager.swift */; };
/* End PBXBuildFile section */

/* Begin PBXContainerItemProxy section */
		4DA50AA51E140AC9009F4284 /* PBXContainerItemProxy */ = {
			isa = PBXContainerItemProxy;
			containerPortal = 4DA50A861E140AC8009F4284 /* Project object */;
			proxyType = 1;
			remoteGlobalIDString = 4DA50A8D1E140AC8009F4284;
			remoteInfo = CoffeeKit;
		};
		4DA50AB01E140AC9009F4284 /* PBXContainerItemProxy */ = {
			isa = PBXContainerItemProxy;
			containerPortal = 4DA50A861E140AC8009F4284 /* Project object */;
			proxyType = 1;
			remoteGlobalIDString = 4DA50A8D1E140AC8009F4284;
			remoteInfo = CoffeeKit;
		};
/* End PBXContainerItemProxy section */

/* Begin PBXFileReference section */
		4D3B367B1E153C5A0035A8F4 /* test.json */ = {isa = PBXFileReference; fileEncoding = 4; lastKnownFileType = text.json; path = test.json; sourceTree = "<group>"; };
		4D3B367D1E153C6D0035A8F4 /* BeenHere.swift */ = {isa = PBXFileReference; fileEncoding = 4; lastKnownFileType = sourcecode.swift; path = BeenHere.swift; sourceTree = "<group>"; };
		4D3B367E1E153C6D0035A8F4 /* Category.swift */ = {isa = PBXFileReference; fileEncoding = 4; lastKnownFileType = sourcecode.swift; path = Category.swift; sourceTree = "<group>"; };
		4D3B367F1E153C6D0035A8F4 /* Contact.swift */ = {isa = PBXFileReference; fileEncoding = 4; lastKnownFileType = sourcecode.swift; path = Contact.swift; sourceTree = "<group>"; };
		4D3B36801E153C6D0035A8F4 /* HereNow.swift */ = {isa = PBXFileReference; fileEncoding = 4; lastKnownFileType = sourcecode.swift; path = HereNow.swift; sourceTree = "<group>"; };
		4D3B36811E153C6D0035A8F4 /* Icon.swift */ = {isa = PBXFileReference; fileEncoding = 4; lastKnownFileType = sourcecode.swift; path = Icon.swift; sourceTree = "<group>"; };
		4D3B36821E153C6D0035A8F4 /* LabeledLatLng.swift */ = {isa = PBXFileReference; fileEncoding = 4; lastKnownFileType = sourcecode.swift; path = LabeledLatLng.swift; sourceTree = "<group>"; };
		4D3B36831E153C6D0035A8F4 /* Location.swift */ = {isa = PBXFileReference; fileEncoding = 4; lastKnownFileType = sourcecode.swift; path = Location.swift; sourceTree = "<group>"; };
		4D3B36841E153C6D0035A8F4 /* Menu.swift */ = {isa = PBXFileReference; fileEncoding = 4; lastKnownFileType = sourcecode.swift; path = Menu.swift; sourceTree = "<group>"; };
		4D3B36851E153C6D0035A8F4 /* Meta.swift */ = {isa = PBXFileReference; fileEncoding = 4; lastKnownFileType = sourcecode.swift; path = Meta.swift; sourceTree = "<group>"; };
		4D3B36861E153C6D0035A8F4 /* Response.swift */ = {isa = PBXFileReference; fileEncoding = 4; lastKnownFileType = sourcecode.swift; path = Response.swift; sourceTree = "<group>"; };
		4D3B36871E153C6D0035A8F4 /* Cafe.swift */ = {isa = PBXFileReference; fileEncoding = 4; lastKnownFileType = sourcecode.swift; path = Cafe.swift; sourceTree = "<group>"; };
		4D3B36881E153C6D0035A8F4 /* Special.swift */ = {isa = PBXFileReference; fileEncoding = 4; lastKnownFileType = sourcecode.swift; path = Special.swift; sourceTree = "<group>"; };
		4D3B36891E153C6D0035A8F4 /* Stat.swift */ = {isa = PBXFileReference; fileEncoding = 4; lastKnownFileType = sourcecode.swift; path = Stat.swift; sourceTree = "<group>"; };
		4D3B368A1E153C6D0035A8F4 /* Venue.swift */ = {isa = PBXFileReference; fileEncoding = 4; lastKnownFileType = sourcecode.swift; path = Venue.swift; sourceTree = "<group>"; };
		4D3B368B1E153C6D0035A8F4 /* VenueChain.swift */ = {isa = PBXFileReference; fileEncoding = 4; lastKnownFileType = sourcecode.swift; path = VenueChain.swift; sourceTree = "<group>"; };
		4DA50A8E1E140AC9009F4284 /* CoffeeKit.app */ = {isa = PBXFileReference; explicitFileType = wrapper.application; includeInIndex = 0; path = CoffeeKit.app; sourceTree = BUILT_PRODUCTS_DIR; };
		4DA50A911E140AC9009F4284 /* AppDelegate.swift */ = {isa = PBXFileReference; lastKnownFileType = sourcecode.swift; path = AppDelegate.swift; sourceTree = "<group>"; };
		4DA50A931E140AC9009F4284 /* MasterViewController.swift */ = {isa = PBXFileReference; lastKnownFileType = sourcecode.swift; path = MasterViewController.swift; sourceTree = "<group>"; };
		4DA50A951E140AC9009F4284 /* DetailViewController.swift */ = {isa = PBXFileReference; lastKnownFileType = sourcecode.swift; path = DetailViewController.swift; sourceTree = "<group>"; };
		4DA50A981E140AC9009F4284 /* Base */ = {isa = PBXFileReference; lastKnownFileType = file.storyboard; name = Base; path = Base.lproj/Main.storyboard; sourceTree = "<group>"; };
		4DA50A9A1E140AC9009F4284 /* Assets.xcassets */ = {isa = PBXFileReference; lastKnownFileType = folder.assetcatalog; path = Assets.xcassets; sourceTree = "<group>"; };
		4DA50A9D1E140AC9009F4284 /* Base */ = {isa = PBXFileReference; lastKnownFileType = file.storyboard; name = Base; path = Base.lproj/LaunchScreen.storyboard; sourceTree = "<group>"; };
		4DA50A9F1E140AC9009F4284 /* Info.plist */ = {isa = PBXFileReference; lastKnownFileType = text.plist.xml; path = Info.plist; sourceTree = "<group>"; };
		4DA50AA41E140AC9009F4284 /* CoffeeKitTests.xctest */ = {isa = PBXFileReference; explicitFileType = wrapper.cfbundle; includeInIndex = 0; path = CoffeeKitTests.xctest; sourceTree = BUILT_PRODUCTS_DIR; };
		4DA50AA81E140AC9009F4284 /* CoffeeKitTests.swift */ = {isa = PBXFileReference; lastKnownFileType = sourcecode.swift; path = CoffeeKitTests.swift; sourceTree = "<group>"; };
		4DA50AAA1E140AC9009F4284 /* Info.plist */ = {isa = PBXFileReference; lastKnownFileType = text.plist.xml; path = Info.plist; sourceTree = "<group>"; };
		4DA50AAF1E140AC9009F4284 /* CoffeeKitUITests.xctest */ = {isa = PBXFileReference; explicitFileType = wrapper.cfbundle; includeInIndex = 0; path = CoffeeKitUITests.xctest; sourceTree = BUILT_PRODUCTS_DIR; };
		4DA50AB31E140AC9009F4284 /* CoffeeKitUITests.swift */ = {isa = PBXFileReference; lastKnownFileType = sourcecode.swift; path = CoffeeKitUITests.swift; sourceTree = "<group>"; };
		4DA50AB51E140AC9009F4284 /* Info.plist */ = {isa = PBXFileReference; lastKnownFileType = text.plist.xml; path = Info.plist; sourceTree = "<group>"; };
		4DA50AC31E1412B7009F4284 /* WSManager.swift */ = {isa = PBXFileReference; fileEncoding = 4; lastKnownFileType = sourcecode.swift; path = WSManager.swift; sourceTree = "<group>"; };
/* End PBXFileReference section */

/* Begin PBXFrameworksBuildPhase section */
		4DA50A8B1E140AC8009F4284 /* Frameworks */ = {
			isa = PBXFrameworksBuildPhase;
			buildActionMask = 2147483647;
			files = (
			);
			runOnlyForDeploymentPostprocessing = 0;
		};
		4DA50AA11E140AC9009F4284 /* Frameworks */ = {
			isa = PBXFrameworksBuildPhase;
			buildActionMask = 2147483647;
			files = (
			);
			runOnlyForDeploymentPostprocessing = 0;
		};
		4DA50AAC1E140AC9009F4284 /* Frameworks */ = {
			isa = PBXFrameworksBuildPhase;
			buildActionMask = 2147483647;
			files = (
			);
			runOnlyForDeploymentPostprocessing = 0;
		};
/* End PBXFrameworksBuildPhase section */

/* Begin PBXGroup section */
		4D3B367A1E153B4B0035A8F4 /* Model */ = {
			isa = PBXGroup;
			children = (
				4D3B367D1E153C6D0035A8F4 /* BeenHere.swift */,
				4D3B367E1E153C6D0035A8F4 /* Category.swift */,
				4D3B367F1E153C6D0035A8F4 /* Contact.swift */,
				4D3B36801E153C6D0035A8F4 /* HereNow.swift */,
				4D3B36811E153C6D0035A8F4 /* Icon.swift */,
				4D3B36821E153C6D0035A8F4 /* LabeledLatLng.swift */,
				4D3B36831E153C6D0035A8F4 /* Location.swift */,
				4D3B36841E153C6D0035A8F4 /* Menu.swift */,
				4D3B36851E153C6D0035A8F4 /* Meta.swift */,
				4D3B36861E153C6D0035A8F4 /* Response.swift */,
				4D3B36871E153C6D0035A8F4 /* Cafe.swift */,
				4D3B36881E153C6D0035A8F4 /* Special.swift */,
				4D3B36891E153C6D0035A8F4 /* Stat.swift */,
				4D3B368A1E153C6D0035A8F4 /* Venue.swift */,
				4D3B368B1E153C6D0035A8F4 /* VenueChain.swift */,
				4D3B367B1E153C5A0035A8F4 /* test.json */,
			);
			name = Model;
			sourceTree = "<group>";
		};
		4DA50A851E140AC8009F4284 = {
			isa = PBXGroup;
			children = (
				4DA50A901E140AC9009F4284 /* CoffeeKit */,
				4DA50AA71E140AC9009F4284 /* CoffeeKitTests */,
				4DA50AB21E140AC9009F4284 /* CoffeeKitUITests */,
				4DA50A8F1E140AC9009F4284 /* Products */,
			);
			sourceTree = "<group>";
		};
		4DA50A8F1E140AC9009F4284 /* Products */ = {
			isa = PBXGroup;
			children = (
				4DA50A8E1E140AC9009F4284 /* CoffeeKit.app */,
				4DA50AA41E140AC9009F4284 /* CoffeeKitTests.xctest */,
				4DA50AAF1E140AC9009F4284 /* CoffeeKitUITests.xctest */,
			);
			name = Products;
			sourceTree = "<group>";
		};
		4DA50A901E140AC9009F4284 /* CoffeeKit */ = {
			isa = PBXGroup;
			children = (
				4D3B367A1E153B4B0035A8F4 /* Model */,
				4DA50A911E140AC9009F4284 /* AppDelegate.swift */,
				4DA50A931E140AC9009F4284 /* MasterViewController.swift */,
				4DA50A951E140AC9009F4284 /* DetailViewController.swift */,
				4DA50AC31E1412B7009F4284 /* WSManager.swift */,
				4DA50A971E140AC9009F4284 /* Main.storyboard */,
				4DA50A9A1E140AC9009F4284 /* Assets.xcassets */,
				4DA50A9C1E140AC9009F4284 /* LaunchScreen.storyboard */,
				4DA50A9F1E140AC9009F4284 /* Info.plist */,
			);
			path = CoffeeKit;
			sourceTree = "<group>";
		};
		4DA50AA71E140AC9009F4284 /* CoffeeKitTests */ = {
			isa = PBXGroup;
			children = (
				4DA50AA81E140AC9009F4284 /* CoffeeKitTests.swift */,
				4DA50AAA1E140AC9009F4284 /* Info.plist */,
			);
			path = CoffeeKitTests;
			sourceTree = "<group>";
		};
		4DA50AB21E140AC9009F4284 /* CoffeeKitUITests */ = {
			isa = PBXGroup;
			children = (
				4DA50AB31E140AC9009F4284 /* CoffeeKitUITests.swift */,
				4DA50AB51E140AC9009F4284 /* Info.plist */,
			);
			path = CoffeeKitUITests;
			sourceTree = "<group>";
		};
/* End PBXGroup section */

/* Begin PBXNativeTarget section */
		4DA50A8D1E140AC8009F4284 /* CoffeeKit */ = {
			isa = PBXNativeTarget;
			buildConfigurationList = 4DA50AB81E140AC9009F4284 /* Build configuration list for PBXNativeTarget "CoffeeKit" */;
			buildPhases = (
				4DA50A8A1E140AC8009F4284 /* Sources */,
				4DA50A8B1E140AC8009F4284 /* Frameworks */,
				4DA50A8C1E140AC8009F4284 /* Resources */,
			);
			buildRules = (
			);
			dependencies = (
			);
			name = CoffeeKit;
			productName = CoffeeKit;
			productReference = 4DA50A8E1E140AC9009F4284 /* CoffeeKit.app */;
			productType = "com.apple.product-type.application";
		};
		4DA50AA31E140AC9009F4284 /* CoffeeKitTests */ = {
			isa = PBXNativeTarget;
			buildConfigurationList = 4DA50ABB1E140AC9009F4284 /* Build configuration list for PBXNativeTarget "CoffeeKitTests" */;
			buildPhases = (
				4DA50AA01E140AC9009F4284 /* Sources */,
				4DA50AA11E140AC9009F4284 /* Frameworks */,
				4DA50AA21E140AC9009F4284 /* Resources */,
			);
			buildRules = (
			);
			dependencies = (
				4DA50AA61E140AC9009F4284 /* PBXTargetDependency */,
			);
			name = CoffeeKitTests;
			productName = CoffeeKitTests;
			productReference = 4DA50AA41E140AC9009F4284 /* CoffeeKitTests.xctest */;
			productType = "com.apple.product-type.bundle.unit-test";
		};
		4DA50AAE1E140AC9009F4284 /* CoffeeKitUITests */ = {
			isa = PBXNativeTarget;
			buildConfigurationList = 4DA50ABE1E140AC9009F4284 /* Build configuration list for PBXNativeTarget "CoffeeKitUITests" */;
			buildPhases = (
				4DA50AAB1E140AC9009F4284 /* Sources */,
				4DA50AAC1E140AC9009F4284 /* Frameworks */,
				4DA50AAD1E140AC9009F4284 /* Resources */,
			);
			buildRules = (
			);
			dependencies = (
				4DA50AB11E140AC9009F4284 /* PBXTargetDependency */,
			);
			name = CoffeeKitUITests;
			productName = CoffeeKitUITests;
			productReference = 4DA50AAF1E140AC9009F4284 /* CoffeeKitUITests.xctest */;
			productType = "com.apple.product-type.bundle.ui-testing";
		};
/* End PBXNativeTarget section */

/* Begin PBXProject section */
		4DA50A861E140AC8009F4284 /* Project object */ = {
			isa = PBXProject;
			attributes = {
				LastSwiftUpdateCheck = 0820;
				LastUpgradeCheck = 0820;
				ORGANIZATIONNAME = Robin;
				TargetAttributes = {
					4DA50A8D1E140AC8009F4284 = {
						CreatedOnToolsVersion = 8.2.1;
						DevelopmentTeam = YHAP6ZWY6L;
						ProvisioningStyle = Automatic;
					};
					4DA50AA31E140AC9009F4284 = {
						CreatedOnToolsVersion = 8.2.1;
						DevelopmentTeam = YHAP6ZWY6L;
						ProvisioningStyle = Automatic;
						TestTargetID = 4DA50A8D1E140AC8009F4284;
					};
					4DA50AAE1E140AC9009F4284 = {
						CreatedOnToolsVersion = 8.2.1;
						DevelopmentTeam = YHAP6ZWY6L;
						ProvisioningStyle = Automatic;
						TestTargetID = 4DA50A8D1E140AC8009F4284;
					};
				};
			};
			buildConfigurationList = 4DA50A891E140AC8009F4284 /* Build configuration list for PBXProject "CoffeeKit" */;
			compatibilityVersion = "Xcode 3.2";
			developmentRegion = English;
			hasScannedForEncodings = 0;
			knownRegions = (
				en,
				Base,
			);
			mainGroup = 4DA50A851E140AC8009F4284;
			productRefGroup = 4DA50A8F1E140AC9009F4284 /* Products */;
			projectDirPath = "";
			projectRoot = "";
			targets = (
				4DA50A8D1E140AC8009F4284 /* CoffeeKit */,
				4DA50AA31E140AC9009F4284 /* CoffeeKitTests */,
				4DA50AAE1E140AC9009F4284 /* CoffeeKitUITests */,
			);
		};
/* End PBXProject section */

/* Begin PBXResourcesBuildPhase section */
		4DA50A8C1E140AC8009F4284 /* Resources */ = {
			isa = PBXResourcesBuildPhase;
			buildActionMask = 2147483647;
			files = (
				4DA50A9E1E140AC9009F4284 /* LaunchScreen.storyboard in Resources */,
				4D3B367C1E153C5A0035A8F4 /* test.json in Resources */,
				4DA50A9B1E140AC9009F4284 /* Assets.xcassets in Resources */,
				4DA50A991E140AC9009F4284 /* Main.storyboard in Resources */,
			);
			runOnlyForDeploymentPostprocessing = 0;
		};
		4DA50AA21E140AC9009F4284 /* Resources */ = {
			isa = PBXResourcesBuildPhase;
			buildActionMask = 2147483647;
			files = (
			);
			runOnlyForDeploymentPostprocessing = 0;
		};
		4DA50AAD1E140AC9009F4284 /* Resources */ = {
			isa = PBXResourcesBuildPhase;
			buildActionMask = 2147483647;
			files = (
			);
			runOnlyForDeploymentPostprocessing = 0;
		};
/* End PBXResourcesBuildPhase section */

/* Begin PBXSourcesBuildPhase section */
		4DA50A8A1E140AC8009F4284 /* Sources */ = {
			isa = PBXSourcesBuildPhase;
			buildActionMask = 2147483647;
			files = (
				4D3B36971E153C6D0035A8F4 /* Special.swift in Sources */,
				4D3B369A1E153C6D0035A8F4 /* VenueChain.swift in Sources */,
				4DA50AC41E1412B7009F4284 /* WSManager.swift in Sources */,
				4D3B368F1E153C6D0035A8F4 /* HereNow.swift in Sources */,
				4D3B36991E153C6D0035A8F4 /* Venue.swift in Sources */,
				4DA50A961E140AC9009F4284 /* DetailViewController.swift in Sources */,
				4D3B36961E153C6D0035A8F4 /* Cafe.swift in Sources */,
				4D3B36951E153C6D0035A8F4 /* Response.swift in Sources */,
				4D3B368C1E153C6D0035A8F4 /* BeenHere.swift in Sources */,
				4D3B368E1E153C6D0035A8F4 /* Contact.swift in Sources */,
				4D3B36981E153C6D0035A8F4 /* Stat.swift in Sources */,
				4DA50A941E140AC9009F4284 /* MasterViewController.swift in Sources */,
				4D3B36911E153C6D0035A8F4 /* LabeledLatLng.swift in Sources */,
				4DA50A921E140AC9009F4284 /* AppDelegate.swift in Sources */,
				4D3B36931E153C6D0035A8F4 /* Menu.swift in Sources */,
				4D3B36901E153C6D0035A8F4 /* Icon.swift in Sources */,
				4D3B36921E153C6D0035A8F4 /* Location.swift in Sources */,
				4D3B36941E153C6D0035A8F4 /* Meta.swift in Sources */,
				4D3B368D1E153C6D0035A8F4 /* Category.swift in Sources */,
			);
			runOnlyForDeploymentPostprocessing = 0;
		};
		4DA50AA01E140AC9009F4284 /* Sources */ = {
			isa = PBXSourcesBuildPhase;
			buildActionMask = 2147483647;
			files = (
				4DA50AA91E140AC9009F4284 /* CoffeeKitTests.swift in Sources */,
			);
			runOnlyForDeploymentPostprocessing = 0;
		};
		4DA50AAB1E140AC9009F4284 /* Sources */ = {
			isa = PBXSourcesBuildPhase;
			buildActionMask = 2147483647;
			files = (
				4DA50AB41E140AC9009F4284 /* CoffeeKitUITests.swift in Sources */,
			);
			runOnlyForDeploymentPostprocessing = 0;
		};
/* End PBXSourcesBuildPhase section */

/* Begin PBXTargetDependency section */
		4DA50AA61E140AC9009F4284 /* PBXTargetDependency */ = {
			isa = PBXTargetDependency;
			target = 4DA50A8D1E140AC8009F4284 /* CoffeeKit */;
			targetProxy = 4DA50AA51E140AC9009F4284 /* PBXContainerItemProxy */;
		};
		4DA50AB11E140AC9009F4284 /* PBXTargetDependency */ = {
			isa = PBXTargetDependency;
			target = 4DA50A8D1E140AC8009F4284 /* CoffeeKit */;
			targetProxy = 4DA50AB01E140AC9009F4284 /* PBXContainerItemProxy */;
		};
/* End PBXTargetDependency section */

/* Begin PBXVariantGroup section */
		4DA50A971E140AC9009F4284 /* Main.storyboard */ = {
			isa = PBXVariantGroup;
			children = (
				4DA50A981E140AC9009F4284 /* Base */,
			);
			name = Main.storyboard;
			sourceTree = "<group>";
		};
		4DA50A9C1E140AC9009F4284 /* LaunchScreen.storyboard */ = {
			isa = PBXVariantGroup;
			children = (
				4DA50A9D1E140AC9009F4284 /* Base */,
			);
			name = LaunchScreen.storyboard;
			sourceTree = "<group>";
		};
/* End PBXVariantGroup section */

/* Begin XCBuildConfiguration section */
		4DA50AB61E140AC9009F4284 /* Debug */ = {
			isa = XCBuildConfiguration;
			buildSettings = {
				ALWAYS_SEARCH_USER_PATHS = NO;
				CLANG_ANALYZER_NONNULL = YES;
				CLANG_CXX_LANGUAGE_STANDARD = "gnu++0x";
				CLANG_CXX_LIBRARY = "libc++";
				CLANG_ENABLE_MODULES = YES;
				CLANG_ENABLE_OBJC_ARC = YES;
				CLANG_WARN_BOOL_CONVERSION = YES;
				CLANG_WARN_CONSTANT_CONVERSION = YES;
				CLANG_WARN_DIRECT_OBJC_ISA_USAGE = YES_ERROR;
				CLANG_WARN_DOCUMENTATION_COMMENTS = YES;
				CLANG_WARN_EMPTY_BODY = YES;
				CLANG_WARN_ENUM_CONVERSION = YES;
				CLANG_WARN_INFINITE_RECURSION = YES;
				CLANG_WARN_INT_CONVERSION = YES;
				CLANG_WARN_OBJC_ROOT_CLASS = YES_ERROR;
				CLANG_WARN_SUSPICIOUS_MOVE = YES;
				CLANG_WARN_UNREACHABLE_CODE = YES;
				CLANG_WARN__DUPLICATE_METHOD_MATCH = YES;
				"CODE_SIGN_IDENTITY[sdk=iphoneos*]" = "iPhone Developer";
				COPY_PHASE_STRIP = NO;
				DEBUG_INFORMATION_FORMAT = dwarf;
				ENABLE_STRICT_OBJC_MSGSEND = YES;
				ENABLE_TESTABILITY = YES;
				GCC_C_LANGUAGE_STANDARD = gnu99;
				GCC_DYNAMIC_NO_PIC = NO;
				GCC_NO_COMMON_BLOCKS = YES;
				GCC_OPTIMIZATION_LEVEL = 0;
				GCC_PREPROCESSOR_DEFINITIONS = (
					"DEBUG=1",
					"$(inherited)",
				);
				GCC_WARN_64_TO_32_BIT_CONVERSION = YES;
				GCC_WARN_ABOUT_RETURN_TYPE = YES_ERROR;
				GCC_WARN_UNDECLARED_SELECTOR = YES;
				GCC_WARN_UNINITIALIZED_AUTOS = YES_AGGRESSIVE;
				GCC_WARN_UNUSED_FUNCTION = YES;
				GCC_WARN_UNUSED_VARIABLE = YES;
				IPHONEOS_DEPLOYMENT_TARGET = 10.2;
				MTL_ENABLE_DEBUG_INFO = YES;
				ONLY_ACTIVE_ARCH = YES;
				SDKROOT = iphoneos;
				SWIFT_ACTIVE_COMPILATION_CONDITIONS = DEBUG;
				SWIFT_OPTIMIZATION_LEVEL = "-Onone";
				TARGETED_DEVICE_FAMILY = "1,2";
			};
			name = Debug;
		};
		4DA50AB71E140AC9009F4284 /* Release */ = {
			isa = XCBuildConfiguration;
			buildSettings = {
				ALWAYS_SEARCH_USER_PATHS = NO;
				CLANG_ANALYZER_NONNULL = YES;
				CLANG_CXX_LANGUAGE_STANDARD = "gnu++0x";
				CLANG_CXX_LIBRARY = "libc++";
				CLANG_ENABLE_MODULES = YES;
				CLANG_ENABLE_OBJC_ARC = YES;
				CLANG_WARN_BOOL_CONVERSION = YES;
				CLANG_WARN_CONSTANT_CONVERSION = YES;
				CLANG_WARN_DIRECT_OBJC_ISA_USAGE = YES_ERROR;
				CLANG_WARN_DOCUMENTATION_COMMENTS = YES;
				CLANG_WARN_EMPTY_BODY = YES;
				CLANG_WARN_ENUM_CONVERSION = YES;
				CLANG_WARN_INFINITE_RECURSION = YES;
				CLANG_WARN_INT_CONVERSION = YES;
				CLANG_WARN_OBJC_ROOT_CLASS = YES_ERROR;
				CLANG_WARN_SUSPICIOUS_MOVE = YES;
				CLANG_WARN_UNREACHABLE_CODE = YES;
				CLANG_WARN__DUPLICATE_METHOD_MATCH = YES;
				"CODE_SIGN_IDENTITY[sdk=iphoneos*]" = "iPhone Developer";
				COPY_PHASE_STRIP = NO;
				DEBUG_INFORMATION_FORMAT = "dwarf-with-dsym";
				ENABLE_NS_ASSERTIONS = NO;
				ENABLE_STRICT_OBJC_MSGSEND = YES;
				GCC_C_LANGUAGE_STANDARD = gnu99;
				GCC_NO_COMMON_BLOCKS = YES;
				GCC_WARN_64_TO_32_BIT_CONVERSION = YES;
				GCC_WARN_ABOUT_RETURN_TYPE = YES_ERROR;
				GCC_WARN_UNDECLARED_SELECTOR = YES;
				GCC_WARN_UNINITIALIZED_AUTOS = YES_AGGRESSIVE;
				GCC_WARN_UNUSED_FUNCTION = YES;
				GCC_WARN_UNUSED_VARIABLE = YES;
				IPHONEOS_DEPLOYMENT_TARGET = 10.2;
				MTL_ENABLE_DEBUG_INFO = NO;
				SDKROOT = iphoneos;
				SWIFT_OPTIMIZATION_LEVEL = "-Owholemodule";
				TARGETED_DEVICE_FAMILY = "1,2";
				VALIDATE_PRODUCT = YES;
			};
			name = Release;
		};
		4DA50AB91E140AC9009F4284 /* Debug */ = {
			isa = XCBuildConfiguration;
			buildSettings = {
				ASSETCATALOG_COMPILER_APPICON_NAME = AppIcon;
				DEVELOPMENT_TEAM = YHAP6ZWY6L;
				INFOPLIST_FILE = CoffeeKit/Info.plist;
				LD_RUNPATH_SEARCH_PATHS = "$(inherited) @executable_path/Frameworks";
				PRODUCT_BUNDLE_IDENTIFIER = com.greenleaf.CoffeeKit;
				PRODUCT_NAME = "$(TARGET_NAME)";
				SWIFT_VERSION = 3.0;
			};
			name = Debug;
		};
		4DA50ABA1E140AC9009F4284 /* Release */ = {
			isa = XCBuildConfiguration;
			buildSettings = {
				ASSETCATALOG_COMPILER_APPICON_NAME = AppIcon;
				DEVELOPMENT_TEAM = YHAP6ZWY6L;
				INFOPLIST_FILE = CoffeeKit/Info.plist;
				LD_RUNPATH_SEARCH_PATHS = "$(inherited) @executable_path/Frameworks";
				PRODUCT_BUNDLE_IDENTIFIER = com.greenleaf.CoffeeKit;
				PRODUCT_NAME = "$(TARGET_NAME)";
				SWIFT_VERSION = 3.0;
			};
			name = Release;
		};
		4DA50ABC1E140AC9009F4284 /* Debug */ = {
			isa = XCBuildConfiguration;
			buildSettings = {
				ALWAYS_EMBED_SWIFT_STANDARD_LIBRARIES = YES;
				BUNDLE_LOADER = "$(TEST_HOST)";
				DEVELOPMENT_TEAM = YHAP6ZWY6L;
				INFOPLIST_FILE = CoffeeKitTests/Info.plist;
				LD_RUNPATH_SEARCH_PATHS = "$(inherited) @executable_path/Frameworks @loader_path/Frameworks";
				PRODUCT_BUNDLE_IDENTIFIER = com.greenleaf.CoffeeKitTests;
				PRODUCT_NAME = "$(TARGET_NAME)";
				SWIFT_VERSION = 3.0;
				TEST_HOST = "$(BUILT_PRODUCTS_DIR)/CoffeeKit.app/CoffeeKit";
			};
			name = Debug;
		};
		4DA50ABD1E140AC9009F4284 /* Release */ = {
			isa = XCBuildConfiguration;
			buildSettings = {
				ALWAYS_EMBED_SWIFT_STANDARD_LIBRARIES = YES;
				BUNDLE_LOADER = "$(TEST_HOST)";
				DEVELOPMENT_TEAM = YHAP6ZWY6L;
				INFOPLIST_FILE = CoffeeKitTests/Info.plist;
				LD_RUNPATH_SEARCH_PATHS = "$(inherited) @executable_path/Frameworks @loader_path/Frameworks";
				PRODUCT_BUNDLE_IDENTIFIER = com.greenleaf.CoffeeKitTests;
				PRODUCT_NAME = "$(TARGET_NAME)";
				SWIFT_VERSION = 3.0;
				TEST_HOST = "$(BUILT_PRODUCTS_DIR)/CoffeeKit.app/CoffeeKit";
			};
			name = Release;
		};
		4DA50ABF1E140AC9009F4284 /* Debug */ = {
			isa = XCBuildConfiguration;
			buildSettings = {
				ALWAYS_EMBED_SWIFT_STANDARD_LIBRARIES = YES;
				DEVELOPMENT_TEAM = YHAP6ZWY6L;
				INFOPLIST_FILE = CoffeeKitUITests/Info.plist;
				LD_RUNPATH_SEARCH_PATHS = "$(inherited) @executable_path/Frameworks @loader_path/Frameworks";
				PRODUCT_BUNDLE_IDENTIFIER = com.greenleaf.CoffeeKitUITests;
				PRODUCT_NAME = "$(TARGET_NAME)";
				SWIFT_VERSION = 3.0;
				TEST_TARGET_NAME = CoffeeKit;
			};
			name = Debug;
		};
		4DA50AC01E140AC9009F4284 /* Release */ = {
			isa = XCBuildConfiguration;
			buildSettings = {
				ALWAYS_EMBED_SWIFT_STANDARD_LIBRARIES = YES;
				DEVELOPMENT_TEAM = YHAP6ZWY6L;
				INFOPLIST_FILE = CoffeeKitUITests/Info.plist;
				LD_RUNPATH_SEARCH_PATHS = "$(inherited) @executable_path/Frameworks @loader_path/Frameworks";
				PRODUCT_BUNDLE_IDENTIFIER = com.greenleaf.CoffeeKitUITests;
				PRODUCT_NAME = "$(TARGET_NAME)";
				SWIFT_VERSION = 3.0;
				TEST_TARGET_NAME = CoffeeKit;
			};
			name = Release;
		};
/* End XCBuildConfiguration section */

/* Begin XCConfigurationList section */
		4DA50A891E140AC8009F4284 /* Build configuration list for PBXProject "CoffeeKit" */ = {
			isa = XCConfigurationList;
			buildConfigurations = (
				4DA50AB61E140AC9009F4284 /* Debug */,
				4DA50AB71E140AC9009F4284 /* Release */,
			);
			defaultConfigurationIsVisible = 0;
			defaultConfigurationName = Release;
		};
		4DA50AB81E140AC9009F4284 /* Build configuration list for PBXNativeTarget "CoffeeKit" */ = {
			isa = XCConfigurationList;
			buildConfigurations = (
				4DA50AB91E140AC9009F4284 /* Debug */,
				4DA50ABA1E140AC9009F4284 /* Release */,
			);
			defaultConfigurationIsVisible = 0;
			defaultConfigurationName = Release;
		};
		4DA50ABB1E140AC9009F4284 /* Build configuration list for PBXNativeTarget "CoffeeKitTests" */ = {
			isa = XCConfigurationList;
			buildConfigurations = (
				4DA50ABC1E140AC9009F4284 /* Debug */,
				4DA50ABD1E140AC9009F4284 /* Release */,
			);
			defaultConfigurationIsVisible = 0;
			defaultConfigurationName = Release;
		};
		4DA50ABE1E140AC9009F4284 /* Build configuration list for PBXNativeTarget "CoffeeKitUITests" */ = {
			isa = XCConfigurationList;
			buildConfigurations = (
				4DA50ABF1E140AC9009F4284 /* Debug */,
				4DA50AC01E140AC9009F4284 /* Release */,
			);
			defaultConfigurationIsVisible = 0;
			defaultConfigurationName = Release;
		};
/* End XCConfigurationList section */
	};
	rootObject = 4DA50A861E140AC8009F4284 /* Project object */;
}
